{
  "nodes": {
    "agenix": {
      "inputs": {
        "darwin": "darwin",
        "home-manager": [
          "home-manager"
        ],
        "nixpkgs": [
          "nixpkgs"
        ],
        "systems": [
          "systems"
        ]
      },
      "locked": {
        "lastModified": 1727347788,
        "narHash": "sha256-lOk6uJCPaTaJUCOCjq+Th1hGhoifWkrwOZ5cYFORgRY=",
        "owner": "ElliottSullingeFarrall",
        "repo": "agenix",
        "rev": "6f3ecb972fa142c622811a898e677842ca4aa703",
        "type": "github"
      },
      "original": {
        "owner": "ElliottSullingeFarrall",
        "repo": "agenix",
        "type": "github"
      }
    },
    "cachix-deploy-flake": {
      "inputs": {
        "darwin": "darwin_2",
        "disko": "disko",
        "home-manager": "home-manager",
        "nixos-anywhere": "nixos-anywhere",
        "nixpkgs": "nixpkgs"
      },
      "locked": {
        "lastModified": 1728048122,
        "narHash": "sha256-2P7BjsQHpAjp+zjftGXSGwo0gepR79KJbBNRKJxsUyk=",
        "owner": "cachix",
        "repo": "cachix-deploy-flake",
        "rev": "f363e7ba6661f0e342707b98224c85599fdfb1cc",
        "type": "github"
      },
      "original": {
        "owner": "cachix",
        "repo": "cachix-deploy-flake",
        "type": "github"
      }
    },
    "catnerd": {
      "inputs": {
        "home-manager": [
          "home-manager"
        ],
        "nixpkgs": [
          "nixpkgs"
        ],
        "pre-commit-hooks": [
          "pre-commit-hooks"
        ],
        "snowfall-flake": [
          "snowfall-flake"
        ],
        "snowfall-lib": [
          "snowfall-lib"
        ]
      },
      "locked": {
        "lastModified": 1727639783,
        "narHash": "sha256-OusfmbpPFRf3fT9R7fQgQJd4SQJ3ZPfrNuIdT+sfdwA=",
        "owner": "ElliottSullingeFarrall",
        "repo": "catnerd",
        "rev": "c39b0f41a2b5fb50df8c8c13b090cffa9f67ea91",
        "type": "github"
      },
      "original": {
        "owner": "ElliottSullingeFarrall",
        "repo": "catnerd",
        "type": "github"
      }
    },
    "code-insiders": {
      "inputs": {
        "nixpkgs": [
          "nixpkgs"
        ]
      },
      "locked": {
        "lastModified": 1721261527,
        "narHash": "sha256-TyO73nG4R+gldyT0kLM6tol/NxFzGDgUypddOeE8gGI=",
        "owner": "iosmanthus",
        "repo": "code-insiders-flake",
        "rev": "e86f8654b4f88312d0e4799de1bce48cafa26cc6",
        "type": "github"
      },
      "original": {
        "owner": "iosmanthus",
        "repo": "code-insiders-flake",
        "type": "github"
      }
    },
    "darwin": {
      "inputs": {
        "nixpkgs": [
          "agenix",
          "nixpkgs"
        ]
      },
      "locked": {
        "lastModified": 1700795494,
        "narHash": "sha256-gzGLZSiOhf155FW7262kdHo2YDeugp3VuIFb4/GGng0=",
        "owner": "lnl7",
        "repo": "nix-darwin",
        "rev": "4b9b83d5a92e8c1fbfd8eb27eda375908c11ec4d",
        "type": "github"
      },
      "original": {
        "owner": "lnl7",
        "ref": "master",
        "repo": "nix-darwin",
        "type": "github"
      }
    },
    "darwin_2": {
      "inputs": {
        "nixpkgs": [
          "cachix-deploy-flake",
          "nixpkgs"
        ]
      },
      "locked": {
        "lastModified": 1727999297,
        "narHash": "sha256-LTJuQPCsSItZ/8TieFeP30iY+uaLoD0mT0tAj1gLeyQ=",
        "owner": "LnL7",
        "repo": "nix-darwin",
        "rev": "8c8388ade72e58efdeae71b4cbb79e872c23a56b",
        "type": "github"
      },
      "original": {
        "owner": "LnL7",
        "repo": "nix-darwin",
        "type": "github"
      }
    },
    "deploy-rs": {
      "inputs": {
        "flake-compat": [
          "flake-compat"
        ],
        "nixpkgs": [
          "nixpkgs"
        ],
        "utils": [
          "flake-utils"
        ]
      },
      "locked": {
        "lastModified": 1727447169,
        "narHash": "sha256-3KyjMPUKHkiWhwR91J1YchF6zb6gvckCAY1jOE+ne0U=",
        "owner": "serokell",
        "repo": "deploy-rs",
        "rev": "aa07eb05537d4cd025e2310397a6adcedfe72c76",
        "type": "github"
      },
      "original": {
        "owner": "serokell",
        "repo": "deploy-rs",
        "type": "github"
      }
    },
    "disko": {
      "inputs": {
        "nixpkgs": [
          "cachix-deploy-flake",
          "nixpkgs"
        ]
      },
      "locked": {
        "lastModified": 1727977578,
        "narHash": "sha256-DBORKcmQ7ZjA4qE1MsnF1MmZSokOGrw4W9vTCioOv2U=",
        "owner": "nix-community",
        "repo": "disko",
        "rev": "574400001b3ffe555c7a21e0ff846230759be2ed",
        "type": "github"
      },
      "original": {
        "owner": "nix-community",
        "repo": "disko",
        "type": "github"
      }
    },
    "extra-schemas": {
      "locked": {
        "lastModified": 1720169246,
        "narHash": "sha256-dqLiq9qqm+/GNnGr3p0xH8dcaEf+o2UwNjquv3K7luA=",
        "owner": "ElliottSullingeFarrall",
        "repo": "extra-schemas",
        "rev": "04b4376df213790e96854bf974d82e161b132b4b",
        "type": "github"
      },
      "original": {
        "owner": "ElliottSullingeFarrall",
        "repo": "extra-schemas",
        "type": "github"
      }
    },
    "flake-compat": {
      "locked": {
        "lastModified": 1696426674,
        "narHash": "sha256-kvjfFW7WAETZlt09AgDn1MrtKzP7t90Vf7vypd3OL1U=",
        "rev": "0f9255e01c2351cc7d116c072cb317785dd33b33",
        "revCount": 57,
        "type": "tarball",
        "url": "https://api.flakehub.com/f/pinned/edolstra/flake-compat/1.0.1/018afb31-abd1-7bff-a5e4-cff7e18efb7a/source.tar.gz"
      },
      "original": {
        "type": "tarball",
        "url": "https://flakehub.com/f/edolstra/flake-compat/1.tar.gz"
      }
    },
    "flake-parts": {
      "inputs": {
        "nixpkgs-lib": [
          "cachix-deploy-flake",
          "nixos-anywhere",
          "nixpkgs"
        ]
      },
      "locked": {
        "lastModified": 1726153070,
        "narHash": "sha256-HO4zgY0ekfwO5bX0QH/3kJ/h4KvUDFZg8YpkNwIbg1U=",
        "owner": "hercules-ci",
        "repo": "flake-parts",
        "rev": "bcef6817a8b2aa20a5a6dbb19b43e63c5bf8619a",
        "type": "github"
      },
      "original": {
        "owner": "hercules-ci",
        "repo": "flake-parts",
        "type": "github"
      }
    },
    "flake-schemas": {
      "locked": {
        "lastModified": 1719857163,
        "narHash": "sha256-wM+8JtoKBkahHiKn+EM1ikurMnitwRQrZ91hipJIJK8=",
        "owner": "DeterminateSystems",
        "repo": "flake-schemas",
        "rev": "61a02d7183d4241962025e6c6307a22a0bb72a21",
        "type": "github"
      },
      "original": {
        "owner": "DeterminateSystems",
        "repo": "flake-schemas",
        "type": "github"
      }
    },
    "flake-utils": {
      "inputs": {
        "systems": [
          "systems"
        ]
      },
      "locked": {
        "lastModified": 1726560853,
        "narHash": "sha256-X6rJYSESBVr3hBoH0WbKE5KvhPU5bloyZ2L4K60/fPQ=",
        "owner": "numtide",
        "repo": "flake-utils",
        "rev": "c1dfcf08411b08f6b8615f7d8971a2bfa81d5e8a",
        "type": "github"
      },
      "original": {
        "owner": "numtide",
        "repo": "flake-utils",
        "type": "github"
      }
    },
    "flake-utils-plus": {
      "inputs": {
        "flake-utils": [
          "flake-utils"
        ]
      },
      "locked": {
        "lastModified": 1722363685,
        "narHash": "sha256-XCf2PIAT6lH7BwytgioPmVf/wkzXjSKScC4KzcZgb64=",
        "owner": "gytis-ivaskevicius",
        "repo": "flake-utils-plus",
        "rev": "6b10f51ff73a66bb29f3bc8151a59d217713f496",
        "type": "github"
      },
      "original": {
        "owner": "gytis-ivaskevicius",
        "repo": "flake-utils-plus",
        "type": "github"
      }
    },
    "gitignore": {
      "inputs": {
        "nixpkgs": [
          "pre-commit-hooks",
          "nixpkgs"
        ]
      },
      "locked": {
        "lastModified": 1709087332,
        "narHash": "sha256-HG2cCnktfHsKV0s4XW83gU3F57gaTljL9KNSuG6bnQs=",
        "owner": "hercules-ci",
        "repo": "gitignore.nix",
        "rev": "637db329424fd7e46cf4185293b9cc8c88c95394",
        "type": "github"
      },
      "original": {
        "owner": "hercules-ci",
        "repo": "gitignore.nix",
        "type": "github"
      }
    },
    "home-manager": {
      "inputs": {
        "nixpkgs": [
          "cachix-deploy-flake",
          "nixpkgs"
        ]
      },
      "locked": {
        "lastModified": 1728041527,
        "narHash": "sha256-03liqiJtk9UP7YQHW4r8MduKCK242FQzud8iWvvlK+o=",
        "owner": "nix-community",
        "repo": "home-manager",
        "rev": "509dbf8d45606b618e9ec3bbe4e936b7c5bc6c1e",
        "type": "github"
      },
      "original": {
        "owner": "nix-community",
        "repo": "home-manager",
        "type": "github"
      }
    },
    "home-manager_2": {
      "inputs": {
        "nixpkgs": [
          "nixpkgs"
        ]
      },
      "locked": {
        "lastModified": 1727383923,
        "narHash": "sha256-4/vacp3CwdGoPf8U4e/N8OsGYtO09WTcQK5FqYfJbKs=",
        "owner": "nix-community",
        "repo": "home-manager",
        "rev": "ffe2d07e771580a005e675108212597e5b367d2d",
        "type": "github"
      },
      "original": {
        "owner": "nix-community",
        "repo": "home-manager",
        "type": "github"
      }
    },
    "jtbl": {
      "flake": false,
      "locked": {
        "lastModified": 1702342636,
        "narHash": "sha256-ILQwUpjNueaYR5hxOWd5kZSPhVoFnnS2FcttyKSTPr8=",
        "owner": "kellyjonbrazil",
        "repo": "jtbl",
        "rev": "0018aaddf5a76cc03a761ef01b065ff2183f9d17",
        "type": "github"
      },
      "original": {
        "owner": "kellyjonbrazil",
        "repo": "jtbl",
        "type": "github"
      }
    },
    "ldz-desktop": {
      "inputs": {
        "nixpkgs": [
          "nixpkgs"
        ],
        "poetry2nix": [
          "poetry2nix"
        ],
        "snowfall-lib": [
          "snowfall-lib"
        ]
      },
      "locked": {
        "lastModified": 1722262527,
        "narHash": "sha256-70MGDQS9QoPqfoDYuCELNeVFajjAfy2XvT0IdLfWt9E=",
        "owner": "ElliottSullingeFarrall",
        "repo": "ldz-desktop",
        "rev": "a67e5d7d5965db88854a1c769d9d360d5f9ed16d",
        "type": "github"
      },
      "original": {
        "owner": "ElliottSullingeFarrall",
        "ref": "dev",
        "repo": "ldz-desktop",
        "type": "github"
      }
    },
    "mathematica": {
      "flake": false,
      "locked": {
        "narHash": "sha256-wWKVEcfkRO2KZoZJJ4gSfLsc2iN9sCcL0mL6Mf8v/Ck=",
        "type": "file",
        "url": "https://pub-e3715b1d1c4941f7affe3edd4c690e8c.r2.dev/Mathematica_14.0.0_LINUX.sh"
      },
      "original": {
        "type": "file",
        "url": "https://pub-e3715b1d1c4941f7affe3edd4c690e8c.r2.dev/Mathematica_14.0.0_LINUX.sh"
      }
    },
    "nix-github-actions": {
      "inputs": {
        "nixpkgs": [
          "poetry2nix",
          "nixpkgs"
        ]
      },
      "locked": {
        "lastModified": 1720066371,
        "narHash": "sha256-uPlLYH2S0ACj0IcgaK9Lsf4spmJoGejR9DotXiXSBZQ=",
        "owner": "nix-community",
        "repo": "nix-github-actions",
        "rev": "622f829f5fe69310a866c8a6cd07e747c44ef820",
        "type": "github"
      },
      "original": {
        "owner": "nix-community",
        "repo": "nix-github-actions",
        "type": "github"
      }
    },
    "nix-index-database": {
      "inputs": {
        "nixpkgs": [
          "nixpkgs"
        ]
      },
      "locked": {
        "lastModified": 1720926593,
        "narHash": "sha256-fW6e27L6qY6s+TxInwrS2EXZZfhMAlaNqT0sWS49qMA=",
        "owner": "nix-community",
        "repo": "nix-index-database",
        "rev": "5fe5b0cdf1268112dc96319388819b46dc051ef4",
        "type": "github"
      },
      "original": {
        "owner": "nix-community",
        "repo": "nix-index-database",
        "type": "github"
      }
    },
    "nixlib": {
      "locked": {
        "lastModified": 1724547350,
        "narHash": "sha256-WKkGeNpenNMKD1gOF0Xuqi3VsKX/QCAiwz9qe5PDvzA=",
        "owner": "nix-community",
        "repo": "nixpkgs.lib",
        "rev": "b741d900fecd2f0c32d90f853b24be9f5f098b7d",
        "type": "github"
      },
      "original": {
        "owner": "nix-community",
        "repo": "nixpkgs.lib",
        "type": "github"
      }
    },
    "nixos-anywhere": {
      "inputs": {
        "disko": [
          "cachix-deploy-flake",
          "disko"
        ],
        "flake-parts": "flake-parts",
        "nixos-images": "nixos-images",
        "nixos-stable": "nixos-stable",
        "nixpkgs": [
          "cachix-deploy-flake",
          "nixpkgs"
        ],
        "treefmt-nix": "treefmt-nix"
      },
      "locked": {
        "lastModified": 1727531568,
        "narHash": "sha256-lt8fmizvl6iRDNz7/Yqor1MmU5fcUyv3oajtUsUmthA=",
        "owner": "numtide",
        "repo": "nixos-anywhere",
        "rev": "b6168ba67a8fad0636b5111a906dfbdf3abe2dee",
        "type": "github"
      },
      "original": {
        "owner": "numtide",
        "repo": "nixos-anywhere",
        "type": "github"
      }
    },
    "nixos-generators": {
      "inputs": {
        "nixlib": "nixlib",
        "nixpkgs": [
          "nixpkgs"
        ]
      },
      "locked": {
        "lastModified": 1724633759,
        "narHash": "sha256-CwZPEHqIxyEcHlrQ2Rb8pnpj1OWZkxUJBRjmeh0OQ34=",
        "owner": "nix-community",
        "repo": "nixos-generators",
        "rev": "3f4c041744a1dbfbef426580a31d07e19dba6a3c",
        "type": "github"
      },
      "original": {
        "owner": "nix-community",
        "repo": "nixos-generators",
        "type": "github"
      }
    },
    "nixos-hardware": {
      "locked": {
        "lastModified": 1727040444,
        "narHash": "sha256-19FNN5QT9Z11ZUMfftRplyNN+2PgcHKb3oq8KMW/hDA=",
        "owner": "NixOS",
        "repo": "nixos-hardware",
        "rev": "d0cb432a9d28218df11cbd77d984a2a46caeb5ac",
        "type": "github"
      },
      "original": {
        "owner": "NixOS",
        "repo": "nixos-hardware",
        "type": "github"
      }
    },
    "nixos-images": {
      "inputs": {
        "nixos-stable": [
          "cachix-deploy-flake",
          "nixos-anywhere",
          "nixos-stable"
        ],
        "nixos-unstable": [
          "cachix-deploy-flake",
          "nixos-anywhere",
          "nixpkgs"
        ]
      },
      "locked": {
        "lastModified": 1727367213,
        "narHash": "sha256-7O4pi8MmcJpA0nYUQkdolvKGyu6zNjf2gFYD1Q0xppc=",
        "owner": "nix-community",
        "repo": "nixos-images",
        "rev": "3e7978bab153f39f3fc329ad346d35a8871420f7",
        "type": "github"
      },
      "original": {
        "owner": "nix-community",
        "repo": "nixos-images",
        "type": "github"
      }
    },
    "nixos-stable": {
      "locked": {
        "lastModified": 1727264057,
        "narHash": "sha256-KQPI8CTTnB9CrJ7LrmLC4VWbKZfljEPBXOFGZFRpxao=",
        "owner": "NixOS",
        "repo": "nixpkgs",
        "rev": "759537f06e6999e141588ff1c9be7f3a5c060106",
        "type": "github"
      },
      "original": {
        "owner": "NixOS",
        "ref": "nixos-24.05",
        "repo": "nixpkgs",
        "type": "github"
      }
    },
    "nixpkgs": {
      "locked": {
        "lastModified": 1727998858,
        "narHash": "sha256-IeBVJ75Bd7yWz8i3m225x5Q25O1Wk8cBWi8DI7bCgSo=",
        "owner": "NixOS",
        "repo": "nixpkgs",
        "rev": "73bed75dbd3de6d4fca3f81ce25a0cc7766afff6",
        "type": "github"
      },
      "original": {
        "id": "nixpkgs",
        "type": "indirect"
      }
    },
    "nixpkgs-stable": {
      "locked": {
        "lastModified": 1718811006,
        "narHash": "sha256-0Y8IrGhRmBmT7HHXlxxepg2t8j1X90++qRN3lukGaIk=",
        "owner": "NixOS",
        "repo": "nixpkgs",
        "rev": "03d771e513ce90147b65fe922d87d3a0356fc125",
        "type": "github"
      },
      "original": {
        "owner": "NixOS",
        "ref": "nixos-23.11",
        "repo": "nixpkgs",
        "type": "github"
      }
    },
    "nixpkgs_2": {
      "locked": {
        "lastModified": 1726937504,
        "narHash": "sha256-bvGoiQBvponpZh8ClUcmJ6QnsNKw0EMrCQJARK3bI1c=",
        "owner": "NixOS",
        "repo": "nixpkgs",
        "rev": "9357f4f23713673f310988025d9dc261c20e70c6",
        "type": "github"
      },
      "original": {
        "owner": "NixOS",
        "ref": "nixos-unstable",
        "repo": "nixpkgs",
        "type": "github"
      }
    },
    "poetry2nix": {
      "inputs": {
        "flake-utils": [
          "flake-utils"
        ],
        "nix-github-actions": "nix-github-actions",
        "nixpkgs": [
          "nixpkgs"
        ],
        "systems": [
          "systems"
        ],
        "treefmt-nix": [
          "treefmt-nix"
        ]
      },
      "locked": {
        "lastModified": 1727610657,
        "narHash": "sha256-qz6RbVh+erVeuI2bSppZBnppd/DLzIE8+oJmpfXnrgI=",
        "owner": "nix-community",
        "repo": "poetry2nix",
        "rev": "ecb18438b189fffbeb7dbf8b8f33cf9d9ba08ea9",
        "type": "github"
      },
      "original": {
        "owner": "nix-community",
        "repo": "poetry2nix",
        "type": "github"
      }
    },
    "pre-commit-hooks": {
      "inputs": {
        "flake-compat": [
          "flake-compat"
        ],
        "gitignore": "gitignore",
        "nixpkgs": [
          "nixpkgs"
        ],
        "nixpkgs-stable": "nixpkgs-stable"
      },
      "locked": {
        "lastModified": 1719259945,
        "narHash": "sha256-F1h+XIsGKT9TkGO3omxDLEb/9jOOsI6NnzsXFsZhry4=",
        "owner": "cachix",
        "repo": "pre-commit-hooks.nix",
        "rev": "0ff4381bbb8f7a52ca4a851660fc7a437a4c6e07",
        "type": "github"
      },
      "original": {
        "owner": "cachix",
        "repo": "pre-commit-hooks.nix",
        "type": "github"
      }
    },
    "rofi-mixer": {
      "flake": false,
      "locked": {
        "lastModified": 1665535919,
        "narHash": "sha256-hBjgGLDK10AY7oo2NP3gYRbNxjR2LFsZD5qCr7PgdXI=",
        "owner": "joshpetit",
        "repo": "rofi-mixer",
        "rev": "9944bf9dbea915f0ecaf3163fff94f5f6d53a88c",
        "type": "github"
      },
      "original": {
        "owner": "joshpetit",
        "repo": "rofi-mixer",
        "type": "github"
      }
    },
    "rofi-network-manager": {
      "flake": false,
      "locked": {
        "lastModified": 1717970817,
        "narHash": "sha256-AqzWUuVRdlqhjoDkdama/Ne4A4EiHRQ0h3hPp9m0K9A=",
        "owner": "P3rf",
        "repo": "rofi-network-manager",
        "rev": "e7d7027d1bac3a2b6204ac86773a254f4f5c61ba",
        "type": "github"
      },
      "original": {
        "owner": "P3rf",
        "repo": "rofi-network-manager",
        "type": "github"
      }
    },
    "rofi-plugins": {
      "inputs": {
        "nixpkgs": [
          "nixpkgs"
        ],
        "pre-commit-hooks": [
          "pre-commit-hooks"
        ],
        "snowfall-lib": [
          "snowfall-lib"
        ]
      },
      "locked": {
        "lastModified": 1720286317,
        "narHash": "sha256-81vfK2CkTPIyLwDUVKTJQujoIr9C3v3x/CvSVKQOS0c=",
        "owner": "ElliottSullingeFarrall",
        "repo": "rofi-plugins",
        "rev": "f81c071b7f69d12518e986c58e4f647ca61634ff",
        "type": "github"
      },
      "original": {
        "owner": "ElliottSullingeFarrall",
        "repo": "rofi-plugins",
        "type": "github"
      }
    },
    "rofi-wifi-menu": {
      "flake": false,
      "locked": {
        "lastModified": 1700764239,
        "narHash": "sha256-H+vBRdGcSDMKGLHhPB7imV148O8GRTMj1tZ+PLQUVG4=",
        "owner": "ericmurphyxyz",
        "repo": "rofi-wifi-menu",
        "rev": "d6debde6e302f68d8235ced690d12719124ff18e",
        "type": "github"
      },
      "original": {
        "owner": "ericmurphyxyz",
        "repo": "rofi-wifi-menu",
        "type": "github"
      }
    },
    "root": {
      "inputs": {
        "agenix": "agenix",
        "cachix-deploy-flake": "cachix-deploy-flake",
        "catnerd": "catnerd",
        "code-insiders": "code-insiders",
        "deploy-rs": "deploy-rs",
        "extra-schemas": "extra-schemas",
        "flake-compat": "flake-compat",
        "flake-schemas": "flake-schemas",
        "flake-utils": "flake-utils",
        "flake-utils-plus": "flake-utils-plus",
        "home-manager": "home-manager_2",
        "jtbl": "jtbl",
        "ldz-desktop": "ldz-desktop",
        "mathematica": "mathematica",
        "nix-index-database": "nix-index-database",
        "nixos-generators": "nixos-generators",
        "nixos-hardware": "nixos-hardware",
        "nixpkgs": "nixpkgs_2",
        "poetry2nix": "poetry2nix",
        "pre-commit-hooks": "pre-commit-hooks",
        "rofi-mixer": "rofi-mixer",
        "rofi-network-manager": "rofi-network-manager",
        "rofi-plugins": "rofi-plugins",
        "rofi-wifi-menu": "rofi-wifi-menu",
        "snowfall-flake": "snowfall-flake",
        "snowfall-lib": "snowfall-lib",
        "systems": "systems",
        "treefmt-nix": "treefmt-nix_2"
      }
    },
    "snowfall-flake": {
      "inputs": {
        "flake-compat": [
          "flake-compat"
        ],
        "nixpkgs": [
          "nixpkgs"
        ],
        "snowfall-lib": [
          "snowfall-lib"
        ]
      },
      "locked": {
        "lastModified": 1716675632,
        "narHash": "sha256-AOgmoVZvMPUMSlHMrRjWaPykNS5YWxnUNp7STgfjGdA=",
        "owner": "snowfallorg",
        "repo": "flake",
        "rev": "d3b1167f7265d28549930b95b98327c277ef8afd",
        "type": "github"
      },
      "original": {
        "owner": "snowfallorg",
        "repo": "flake",
        "type": "github"
      }
    },
    "snowfall-lib": {
      "inputs": {
        "flake-compat": [
          "flake-compat"
        ],
        "flake-utils-plus": [
          "flake-utils-plus"
        ],
        "nixpkgs": [
          "nixpkgs"
        ]
      },
      "locked": {
        "lastModified": 1728138734,
        "narHash": "sha256-mDYil4TNwOPO9cDZaj38m0TPTv020OCcGWD8eagIR+4=",
        "owner": "ElliottSullingeFarrall",
        "repo": "lib",
        "rev": "9ea9669976d2faf5c831d0bd7a7c608d25a849af",
        "type": "github"
      },
      "original": {
        "owner": "ElliottSullingeFarrall",
        "repo": "lib",
        "type": "github"
      }
    },
    "systems": {
      "locked": {
        "lastModified": 1681028828,
        "narHash": "sha256-Vy1rq5AaRuLzOxct8nz4T6wlgyUR7zLU309k9mBC768=",
        "owner": "nix-systems",
        "repo": "default",
        "rev": "da67096a3b9bf56a91d16901293e51ba5b49a27e",
        "type": "github"
      },
      "original": {
        "owner": "nix-systems",
        "repo": "default",
        "type": "github"
      }
    },
    "treefmt-nix": {
      "inputs": {
        "nixpkgs": [
          "cachix-deploy-flake",
          "nixos-anywhere",
          "nixpkgs"
        ]
      },
      "locked": {
        "lastModified": 1727252110,
        "narHash": "sha256-3O7RWiXpvqBcCl84Mvqa8dXudZ1Bol1ubNdSmQt7nF4=",
        "owner": "numtide",
        "repo": "treefmt-nix",
        "rev": "1bff2ba6ec22bc90e9ad3f7e94cca0d37870afa3",
        "type": "github"
      },
      "original": {
        "owner": "numtide",
        "repo": "treefmt-nix",
        "type": "github"
      }
    },
    "treefmt-nix_2": {
      "inputs": {
        "nixpkgs": [
          "nixpkgs"
        ]
      },
      "locked": {
        "lastModified": 1724833132,
        "narHash": "sha256-F4djBvyNRAXGusJiNYInqR6zIMI3rvlp6WiKwsRISos=",
        "owner": "numtide",
        "repo": "treefmt-nix",
        "rev": "3ffd842a5f50f435d3e603312eefa4790db46af5",
        "type": "github"
      },
      "original": {
        "owner": "numtide",
        "repo": "treefmt-nix",
        "type": "github"
      }
    }
  },
  "root": "root",
  "version": 7
}
